# This file is autogenerated, do not edit; changes may be undone by the next 'dep ensure'.


[[projects]]
  branch = "master"
  name = "code.cloudfoundry.org/lager"
  packages = ["."]
  revision = "0bfa98e49e7a976af91e918d47978f07c00b081f"

[[projects]]
  name = "github.com/gorilla/context"
  packages = ["."]
  revision = "1ea25387ff6f684839d82767c1733ff4d4d15d0a"
  version = "v1.1"

[[projects]]
  name = "github.com/gorilla/mux"
  packages = ["."]
  revision = "7f08801859139f86dfafd1c296e2cba9a80d292e"
  version = "v1.6.0"

[[projects]]
  branch = "master"
  name = "github.com/henrytk/universal-service-broker"
  packages = ["broker","provider","provider/fakes"]
  revision = "2507ba1535c2133196fef51b19a2f4f99f7de97c"

[[projects]]
  branch = "master"
  name = "github.com/pivotal-cf/brokerapi"
  packages = [".","auth"]
  revision = "61af3c362c579b641bbffd7cb6355e5c4bfa5eda"

[solve-meta]
  analyzer-name = "dep"
  analyzer-version = 1
  inputs-digest = "487109a5435bd1e7b3d10f5ac4803418c2f7398b9b2413a2d5d1e3f7b16957db"
  solver-name = "gps-cdcl"
  solver-version = 1
